PODS:
  - AnyThinkiOS (6.3.75):
    - AnyThinkiOS/AnyThinkSDK (= 6.3.75)
  - AnyThinkiOS/AnyThinkSDK (6.3.75)
  - HXSDK (2.0.0):
    - UBiXMerakSDK (~> 2.5.1)
  - ToBid-iOS (4.1.11):
    - ToBid-iOS/ToBidSDK (= 4.1.11)
  - ToBid-iOS/ToBidSDK (4.1.11)
  - UBiXDaq (2.4.0)
  - UBiXMerakSDK (2.5.1.0001):
    - UBiXDaq (~> 2.4.0)

DEPENDENCIES:
  - AnyThinkiOS (= 6.3.75)
  - HXSDK (from `../../HXSDK`)
  - ToBid-iOS (= 4.1.11)

SPEC REPOS:
  https://github.com/CocoaPods/Specs.git:
    - ToBid-iOS
  trunk:
    - AnyThinkiOS
    - UBiXDaq
    - UBiXMerakSDK

EXTERNAL SOURCES:
  HXSDK:
    :path: "../../HXSDK"

SPEC CHECKSUMS:
  AnyThinkiOS: 62fad7c352ff14639d0c0bc1496e874e3e11c271
  HXSDK: 0fd605945494508b4ea944a2d1b6f80e5fb8515a
  ToBid-iOS: c7890fcc9f2d3453c16ed719f391a5e48418ec92
  UBiXDaq: 8cadda28547c9ea8124cdbcfc9da63493b168858
  UBiXMerakSDK: da7232992a1ec704559126c1dbd6d82af2e21f79

PODFILE CHECKSUM: 17fd33b5465db20068031749ca2d370237951fe9

COCOAPODS: 1.16.2
