PODS:
  - AnyThinkiOS (6.3.75):
    - AnyThinkiOS/AnyThinkSDK (= 6.3.75)
  - AnyThinkiOS/AnyThinkSDK (6.3.75)
  - HXSDK (4.4.1):
    - HXSDK/Core (= 4.4.1)
    - PTGAdFramework (~> 2.2.80)
  - HXSDK/Core (4.4.1):
    - PTGAdFramework (~> 2.2.80)
  - PTGAdFramework (2.2.80)
  - ToBid-iOS (4.1.11):
    - ToBid-iOS/ToBidSDK (= 4.1.11)
  - ToBid-iOS/ToBidSDK (4.1.11)

DEPENDENCIES:
  - AnyThinkiOS (= 6.3.75)
  - HXSDK (~> 4.4.1)
  - ToBid-iOS (= 4.1.11)

SPEC REPOS:
  https://github.com/CocoaPods/Specs.git:
    - AnyThinkiOS
    - HXSDK
    - PTGAdFramework
    - ToBid-iOS

SPEC CHECKSUMS:
  AnyThinkiOS: 62fad7c352ff14639d0c0bc1496e874e3e11c271
  HXSDK: 52d91b0093ad7ed81f4ca956f06bbde6108654e3
  PTGAdFramework: bc4153b8e204a7f810a910d829735e54acbc040f
  ToBid-iOS: c7890fcc9f2d3453c16ed719f391a5e48418ec92

PODFILE CHECKSUM: 544e95b5ce76015206bd73a6f6d7be23b73aca04

COCOAPODS: 1.16.2
